// !$*UTF8*$!
{
	archiveVersion = 1;
	classes = {
	};
	objectVersion = 77;
	objects = {

/* Begin PBXContainerItemProxy section */
		BF2F580C2DDB6FC400DE2939 /* PBXContainerItemProxy */ = {
			isa = PBXContainerItemProxy;
			containerPortal = BF2F57F62DDB6FC300DE2939 /* Project object */;
			proxyType = 1;
			remoteGlobalIDString = BF2F57FD2DDB6FC300DE2939;
			remoteInfo = CurrencyConverterTest;
		};
		BF2F58162DDB6FC400DE2939 /* PBXContainerItemProxy */ = {
			isa = PBXContainerItemProxy;
			containerPortal = BF2F57F62DDB6FC300DE2939 /* Project object */;
			proxyType = 1;
			remoteGlobalIDString = BF2F57FD2DDB6FC300DE2939;
			remoteInfo = CurrencyConverterTest;
		};
/* End PBXContainerItemProxy section */

/* Begin PBXFileReference section */
		BF2F57FE2DDB6FC300DE2939 /* CurrencyConverterTest.app */ = {isa = PBXFileReference; explicitFileType = wrapper.application; includeInIndex = 0; path = CurrencyConverterTest.app; sourceTree = BUILT_PRODUCTS_DIR; };
		BF2F580B2DDB6FC400DE2939 /* CurrencyConverterTestTests.xctest */ = {isa = PBXFileReference; explicitFileType = wrapper.cfbundle; includeInIndex = 0; path = CurrencyConverterTestTests.xctest; sourceTree = BUILT_PRODUCTS_DIR; };
		BF2F58152DDB6FC400DE2939 /* CurrencyConverterTestUITests.xctest */ = {isa = PBXFileReference; explicitFileType = wrapper.cfbundle; includeInIndex = 0; path = CurrencyConverterTestUITests.xctest; sourceTree = BUILT_PRODUCTS_DIR; };
/* End PBXFileReference section */

/* Begin PBXFileSystemSynchronizedRootGroup section */
		BF2F58002DDB6FC300DE2939 /* CurrencyConverterTest */ = {
			isa = PBXFileSystemSynchronizedRootGroup;
			path = CurrencyConverterTest;
			sourceTree = "<group>";
		};
		BF2F580E2DDB6FC400DE2939 /* CurrencyConverterTestTests */ = {
			isa = PBXFileSystemSynchronizedRootGroup;
			path = CurrencyConverterTestTests;
			sourceTree = "<group>";
		};
		BF2F58182DDB6FC400DE2939 /* CurrencyConverterTestUITests */ = {
			isa = PBXFileSystemSynchronizedRootGroup;
			path = CurrencyConverterTestUITests;
			sourceTree = "<group>";
		};
/* End PBXFileSystemSynchronizedRootGroup section */

/* Begin PBXFrameworksBuildPhase section */
		BF2F57FB2DDB6FC300DE2939 /* Frameworks */ = {
			isa = PBXFrameworksBuildPhase;
			buildActionMask = 2147483647;
			files = (
			);
			runOnlyForDeploymentPostprocessing = 0;
		};
		BF2F58082DDB6FC400DE2939 /* Frameworks */ = {
			isa = PBXFrameworksBuildPhase;
			buildActionMask = 2147483647;
			files = (
			);
			runOnlyForDeploymentPostprocessing = 0;
		};
		BF2F58122DDB6FC400DE2939 /* Frameworks */ = {
			isa = PBXFrameworksBuildPhase;
			buildActionMask = 2147483647;
			files = (
			);
			runOnlyForDeploymentPostprocessing = 0;
		};
/* End PBXFrameworksBuildPhase section */

/* Begin PBXGroup section */
		BF2F57F52DDB6FC300DE2939 = {
			isa = PBXGroup;
			children = (
				BF2F58002DDB6FC300DE2939 /* CurrencyConverterTest */,
				BF2F580E2DDB6FC400DE2939 /* CurrencyConverterTestTests */,
				BF2F58182DDB6FC400DE2939 /* CurrencyConverterTestUITests */,
				BF2F57FF2DDB6FC300DE2939 /* Products */,
			);
			sourceTree = "<group>";
		};
		BF2F57FF2DDB6FC300DE2939 /* Products */ = {
			isa = PBXGroup;
			children = (
				BF2F57FE2DDB6FC300DE2939 /* CurrencyConverterTest.app */,
				BF2F580B2DDB6FC400DE2939 /* CurrencyConverterTestTests.xctest */,
				BF2F58152DDB6FC400DE2939 /* CurrencyConverterTestUITests.xctest */,
			);
			name = Products;
			sourceTree = "<group>";
		};
/* End PBXGroup section */

/* Begin PBXNativeTarget section */
		BF2F57FD2DDB6FC300DE2939 /* CurrencyConverterTest */ = {
			isa = PBXNativeTarget;
			buildConfigurationList = BF2F581F2DDB6FC400DE2939 /* Build configuration list for PBXNativeTarget "CurrencyConverterTest" */;
			buildPhases = (
				BF2F57FA2DDB6FC300DE2939 /* Sources */,
				BF2F57FB2DDB6FC300DE2939 /* Frameworks */,
				BF2F57FC2DDB6FC300DE2939 /* Resources */,
			);
			buildRules = (
			);
			dependencies = (
			);
			fileSystemSynchronizedGroups = (
				BF2F58002DDB6FC300DE2939 /* CurrencyConverterTest */,
			);
			name = CurrencyConverterTest;
			packageProductDependencies = (
			);
			productName = CurrencyConverterTest;
			productReference = BF2F57FE2DDB6FC300DE2939 /* CurrencyConverterTest.app */;
			productType = "com.apple.product-type.application";
		};
		BF2F580A2DDB6FC400DE2939 /* CurrencyConverterTestTests */ = {
			isa = PBXNativeTarget;
			buildConfigurationList = BF2F58222DDB6FC400DE2939 /* Build configuration list for PBXNativeTarget "CurrencyConverterTestTests" */;
			buildPhases = (
				BF2F58072DDB6FC400DE2939 /* Sources */,
				BF2F58082DDB6FC400DE2939 /* Frameworks */,
				BF2F58092DDB6FC400DE2939 /* Resources */,
			);
			buildRules = (
			);
			dependencies = (
				BF2F580D2DDB6FC400DE2939 /* PBXTargetDependency */,
			);
			fileSystemSynchronizedGroups = (
				BF2F580E2DDB6FC400DE2939 /* CurrencyConverterTestTests */,
			);
			name = CurrencyConverterTestTests;
			packageProductDependencies = (
			);
			productName = CurrencyConverterTestTests;
			productReference = BF2F580B2DDB6FC400DE2939 /* CurrencyConverterTestTests.xctest */;
			productType = "com.apple.product-type.bundle.unit-test";
		};
		BF2F58142DDB6FC400DE2939 /* CurrencyConverterTestUITests */ = {
			isa = PBXNativeTarget;
			buildConfigurationList = BF2F58252DDB6FC400DE2939 /* Build configuration list for PBXNativeTarget "CurrencyConverterTestUITests" */;
			buildPhases = (
				BF2F58112DDB6FC400DE2939 /* Sources */,
				BF2F58122DDB6FC400DE2939 /* Frameworks */,
				BF2F58132DDB6FC400DE2939 /* Resources */,
			);
			buildRules = (
			);
			dependencies = (
				BF2F58172DDB6FC400DE2939 /* PBXTargetDependency */,
			);
			fileSystemSynchronizedGroups = (
				BF2F58182DDB6FC400DE2939 /* CurrencyConverterTestUITests */,
			);
			name = CurrencyConverterTestUITests;
			packageProductDependencies = (
			);
			productName = CurrencyConverterTestUITests;
			productReference = BF2F58152DDB6FC400DE2939 /* CurrencyConverterTestUITests.xctest */;
			productType = "com.apple.product-type.bundle.ui-testing";
		};
/* End PBXNativeTarget section */

/* Begin PBXProject section */
		BF2F57F62DDB6FC300DE2939 /* Project object */ = {
			isa = PBXProject;
			attributes = {
				BuildIndependentTargetsInParallel = 1;
				LastSwiftUpdateCheck = 1630;
				LastUpgradeCheck = 1630;
				TargetAttributes = {
					BF2F57FD2DDB6FC300DE2939 = {
						CreatedOnToolsVersion = 16.3;
					};
					BF2F580A2DDB6FC400DE2939 = {
						CreatedOnToolsVersion = 16.3;
						TestTargetID = BF2F57FD2DDB6FC300DE2939;
					};
					BF2F58142DDB6FC400DE2939 = {
						CreatedOnToolsVersion = 16.3;
						TestTargetID = BF2F57FD2DDB6FC300DE2939;
					};
				};
			};
			buildConfigurationList = BF2F57F92DDB6FC300DE2939 /* Build configuration list for PBXProject "CurrencyConverterTest" */;
			developmentRegion = en;
			hasScannedForEncodings = 0;
			knownRegions = (
				en,
				Base,
			);
			mainGroup = BF2F57F52DDB6FC300DE2939;
			minimizedProjectReferenceProxies = 1;
			preferredProjectObjectVersion = 77;
			productRefGroup = BF2F57FF2DDB6FC300DE2939 /* Products */;
			projectDirPath = "";
			projectRoot = "";
			targets = (
				BF2F57FD2DDB6FC300DE2939 /* CurrencyConverterTest */,
				BF2F580A2DDB6FC400DE2939 /* CurrencyConverterTestTests */,
				BF2F58142DDB6FC400DE2939 /* CurrencyConverterTestUITests */,
			);
		};
/* End PBXProject section */

/* Begin PBXResourcesBuildPhase section */
		BF2F57FC2DDB6FC300DE2939 /* Resources */ = {
			isa = PBXResourcesBuildPhase;
			buildActionMask = 2147483647;
			files = (
			);
			runOnlyForDeploymentPostprocessing = 0;
		};
		BF2F58092DDB6FC400DE2939 /* Resources */ = {
			isa = PBXResourcesBuildPhase;
			buildActionMask = 2147483647;
			files = (
			);
			runOnlyForDeploymentPostprocessing = 0;
		};
		BF2F58132DDB6FC400DE2939 /* Resources */ = {
			isa = PBXResourcesBuildPhase;
			buildActionMask = 2147483647;
			files = (
			);
			runOnlyForDeploymentPostprocessing = 0;
		};
/* End PBXResourcesBuildPhase section */

/* Begin PBXSourcesBuildPhase section */
		BF2F57FA2DDB6FC300DE2939 /* Sources */ = {
			isa = PBXSourcesBuildPhase;
			buildActionMask = 2147483647;
			files = (
			);
			runOnlyForDeploymentPostprocessing = 0;
		};
		BF2F58072DDB6FC400DE2939 /* Sources */ = {
			isa = PBXSourcesBuildPhase;
			buildActionMask = 2147483647;
			files = (
			);
			runOnlyForDeploymentPostprocessing = 0;
		};
		BF2F58112DDB6FC400DE2939 /* Sources */ = {
			isa = PBXSourcesBuildPhase;
			buildActionMask = 2147483647;
			files = (
			);
			runOnlyForDeploymentPostprocessing = 0;
		};
/* End PBXSourcesBuildPhase section */

/* Begin PBXTargetDependency section */
		BF2F580D2DDB6FC400DE2939 /* PBXTargetDependency */ = {
			isa = PBXTargetDependency;
			target = BF2F57FD2DDB6FC300DE2939 /* CurrencyConverterTest */;
			targetProxy = BF2F580C2DDB6FC400DE2939 /* PBXContainerItemProxy */;
		};
		BF2F58172DDB6FC400DE2939 /* PBXTargetDependency */ = {
			isa = PBXTargetDependency;
			target = BF2F57FD2DDB6FC300DE2939 /* CurrencyConverterTest */;
			targetProxy = BF2F58162DDB6FC400DE2939 /* PBXContainerItemProxy */;
		};
/* End PBXTargetDependency section */

/* Begin XCBuildConfiguration section */
		BF2F581D2DDB6FC400DE2939 /* Debug */ = {
			isa = XCBuildConfiguration;
			buildSettings = {
				ALWAYS_SEARCH_USER_PATHS = NO;
				ASSETCATALOG_COMPILER_GENERATE_SWIFT_ASSET_SYMBOL_EXTENSIONS = YES;
				CLANG_ANALYZER_NONNULL = YES;
				CLANG_ANALYZER_NUMBER_OBJECT_CONVERSION = YES_AGGRESSIVE;
				CLANG_CXX_LANGUAGE_STANDARD = "gnu++20";
				CLANG_ENABLE_MODULES = YES;
				CLANG_ENABLE_OBJC_ARC = YES;
				CLANG_ENABLE_OBJC_WEAK = YES;
				CLANG_WARN_BLOCK_CAPTURE_AUTORELEASING = YES;
				CLANG_WARN_BOOL_CONVERSION = YES;
				CLANG_WARN_COMMA = YES;
				CLANG_WARN_CONSTANT_CONVERSION = YES;
				CLANG_WARN_DEPRECATED_OBJC_IMPLEMENTATIONS = YES;
				CLANG_WARN_DIRECT_OBJC_ISA_USAGE = YES_ERROR;
				CLANG_WARN_DOCUMENTATION_COMMENTS = YES;
				CLANG_WARN_EMPTY_BODY = YES;
				CLANG_WARN_ENUM_CONVERSION = YES;
				CLANG_WARN_INFINITE_RECURSION = YES;
				CLANG_WARN_INT_CONVERSION = YES;
				CLANG_WARN_NON_LITERAL_NULL_CONVERSION = YES;
				CLANG_WARN_OBJC_IMPLICIT_RETAIN_SELF = YES;
				CLANG_WARN_OBJC_LITERAL_CONVERSION = YES;
				CLANG_WARN_OBJC_ROOT_CLASS = YES_ERROR;
				CLANG_WARN_QUOTED_INCLUDE_IN_FRAMEWORK_HEADER = YES;
				CLANG_WARN_RANGE_LOOP_ANALYSIS = YES;
				CLANG_WARN_STRICT_PROTOTYPES = YES;
				CLANG_WARN_SUSPICIOUS_MOVE = YES;
				CLANG_WARN_UNGUARDED_AVAILABILITY = YES_AGGRESSIVE;
				CLANG_WARN_UNREACHABLE_CODE = YES;
				CLANG_WARN__DUPLICATE_METHOD_MATCH = YES;
				COPY_PHASE_STRIP = NO;
				DEBUG_INFORMATION_FORMAT = dwarf;
				DEVELOPMENT_TEAM = TLP4S46XK2;
				ENABLE_STRICT_OBJC_MSGSEND = YES;
				ENABLE_TESTABILITY = YES;
				ENABLE_USER_SCRIPT_SANDBOXING = YES;
				GCC_C_LANGUAGE_STANDARD = gnu17;
				GCC_DYNAMIC_NO_PIC = NO;
				GCC_NO_COMMON_BLOCKS = YES;
				GCC_OPTIMIZATION_LEVEL = 0;
				GCC_PREPROCESSOR_DEFINITIONS = (
					"DEBUG=1",
					"$(inherited)",
				);
				GCC_WARN_64_TO_32_BIT_CONVERSION = YES;
				GCC_WARN_ABOUT_RETURN_TYPE = YES_ERROR;
				GCC_WARN_UNDECLARED_SELECTOR = YES;
				GCC_WARN_UNINITIALIZED_AUTOS = YES_AGGRESSIVE;
				GCC_WARN_UNUSED_FUNCTION = YES;
				GCC_WARN_UNUSED_VARIABLE = YES;
				INFOPLIST_FILE = "";
				IPHONEOS_DEPLOYMENT_TARGET = 18.4;
				LOCALIZATION_PREFERS_STRING_CATALOGS = YES;
				MTL_ENABLE_DEBUG_INFO = INCLUDE_SOURCE;
				MTL_FAST_MATH = YES;
				ONLY_ACTIVE_ARCH = YES;
				SDKROOT = iphoneos;
				SWIFT_ACTIVE_COMPILATION_CONDITIONS = "DEBUG $(inherited)";
				SWIFT_OPTIMIZATION_LEVEL = "-Onone";
			};
			name = Debug;
		};
		BF2F581E2DDB6FC400DE2939 /* Release */ = {
			isa = XCBuildConfiguration;
			buildSettings = {
				ALWAYS_SEARCH_USER_PATHS = NO;
				ASSETCATALOG_COMPILER_GENERATE_SWIFT_ASSET_SYMBOL_EXTENSIONS = YES;
				CLANG_ANALYZER_NONNULL = YES;
				CLANG_ANALYZER_NUMBER_OBJECT_CONVERSION = YES_AGGRESSIVE;
				CLANG_CXX_LANGUAGE_STANDARD = "gnu++20";
				CLANG_ENABLE_MODULES = YES;
				CLANG_ENABLE_OBJC_ARC = YES;
				CLANG_ENABLE_OBJC_WEAK = YES;
				CLANG_WARN_BLOCK_CAPTURE_AUTORELEASING = YES;
				CLANG_WARN_BOOL_CONVERSION = YES;
				CLANG_WARN_COMMA = YES;
				CLANG_WARN_CONSTANT_CONVERSION = YES;
				CLANG_WARN_DEPRECATED_OBJC_IMPLEMENTATIONS = YES;
				CLANG_WARN_DIRECT_OBJC_ISA_USAGE = YES_ERROR;
				CLANG_WARN_DOCUMENTATION_COMMENTS = YES;
				CLANG_WARN_EMPTY_BODY = YES;
				CLANG_WARN_ENUM_CONVERSION = YES;
				CLANG_WARN_INFINITE_RECURSION = YES;
				CLANG_WARN_INT_CONVERSION = YES;
				CLANG_WARN_NON_LITERAL_NULL_CONVERSION = YES;
				CLANG_WARN_OBJC_IMPLICIT_RETAIN_SELF = YES;
				CLANG_WARN_OBJC_LITERAL_CONVERSION = YES;
				CLANG_WARN_OBJC_ROOT_CLASS = YES_ERROR;
				CLANG_WARN_QUOTED_INCLUDE_IN_FRAMEWORK_HEADER = YES;
				CLANG_WARN_RANGE_LOOP_ANALYSIS = YES;
				CLANG_WARN_STRICT_PROTOTYPES = YES;
				CLANG_WARN_SUSPICIOUS_MOVE = YES;
				CLANG_WARN_UNGUARDED_AVAILABILITY = YES_AGGRESSIVE;
				CLANG_WARN_UNREACHABLE_CODE = YES;
				CLANG_WARN__DUPLICATE_METHOD_MATCH = YES;
				COPY_PHASE_STRIP = NO;
				DEBUG_INFORMATION_FORMAT = "dwarf-with-dsym";
				DEVELOPMENT_TEAM = TLP4S46XK2;
				ENABLE_NS_ASSERTIONS = NO;
				ENABLE_STRICT_OBJC_MSGSEND = YES;
				ENABLE_USER_SCRIPT_SANDBOXING = YES;
				GCC_C_LANGUAGE_STANDARD = gnu17;
				GCC_NO_COMMON_BLOCKS = YES;
				GCC_WARN_64_TO_32_BIT_CONVERSION = YES;
				GCC_WARN_ABOUT_RETURN_TYPE = YES_ERROR;
				GCC_WARN_UNDECLARED_SELECTOR = YES;
				GCC_WARN_UNINITIALIZED_AUTOS = YES_AGGRESSIVE;
				GCC_WARN_UNUSED_FUNCTION = YES;
				GCC_WARN_UNUSED_VARIABLE = YES;
				INFOPLIST_FILE = "";
				IPHONEOS_DEPLOYMENT_TARGET = 18.4;
				LOCALIZATION_PREFERS_STRING_CATALOGS = YES;
				MTL_ENABLE_DEBUG_INFO = NO;
				MTL_FAST_MATH = YES;
				SDKROOT = iphoneos;
				SWIFT_COMPILATION_MODE = wholemodule;
				VALIDATE_PRODUCT = YES;
			};
			name = Release;
		};
		BF2F58202DDB6FC400DE2939 /* Debug */ = {
			isa = XCBuildConfiguration;
			buildSettings = {
				ASSETCATALOG_COMPILER_APPICON_NAME = AppIcon;
				ASSETCATALOG_COMPILER_GLOBAL_ACCENT_COLOR_NAME = AccentColor;
				CODE_SIGN_STYLE = Automatic;
				CURRENT_PROJECT_VERSION = 1;
				DEVELOPMENT_TEAM = TLP4S46XK2;
				ENABLE_PREVIEWS = YES;
				GENERATE_INFOPLIST_FILE = YES;
				INFOPLIST_FILE = "";
				INFOPLIST_KEY_UIApplicationSceneManifest_Generation = YES;
				INFOPLIST_KEY_UIApplicationSupportsIndirectInputEvents = YES;
				INFOPLIST_KEY_UILaunchScreen_Generation = YES;
				INFOPLIST_KEY_UISupportedInterfaceOrientations_iPad = "UIInterfaceOrientationPortrait UIInterfaceOrientationPortraitUpsideDown UIInterfaceOrientationLandscapeLeft UIInterfaceOrientationLandscapeRight";
				INFOPLIST_KEY_UISupportedInterfaceOrientations_iPhone = "UIInterfaceOrientationPortrait UIInterfaceOrientationLandscapeLeft UIInterfaceOrientationLandscapeRight";
				LD_RUNPATH_SEARCH_PATHS = (
					"$(inherited)",
					"@executable_path/Frameworks",
				);
				MARKETING_VERSION = 1.0;
				PRODUCT_BUNDLE_IDENTIFIER = qwerty.CurrencyConverterTest;
				PRODUCT_NAME = "$(TARGET_NAME)";
				SWIFT_EMIT_LOC_STRINGS = YES;
				SWIFT_VERSION = 5.0;
				TARGETED_DEVICE_FAMILY = "1,2";
			};
			name = Debug;
		};
		BF2F58212DDB6FC400DE2939 /* Release */ = {
			isa = XCBuildConfiguration;
			buildSettings = {
				ASSETCATALOG_COMPILER_APPICON_NAME = AppIcon;
				ASSETCATALOG_COMPILER_GLOBAL_ACCENT_COLOR_NAME = AccentColor;
				CODE_SIGN_STYLE = Automatic;
				CURRENT_PROJECT_VERSION = 1;
				DEVELOPMENT_TEAM = TLP4S46XK2;
				ENABLE_PREVIEWS = YES;
				GENERATE_INFOPLIST_FILE = YES;
				INFOPLIST_FILE = "";
				INFOPLIST_KEY_UIApplicationSceneManifest_Generation = YES;
				INFOPLIST_KEY_UIApplicationSupportsIndirectInputEvents = YES;
				INFOPLIST_KEY_UILaunchScreen_Generation = YES;
				INFOPLIST_KEY_UISupportedInterfaceOrientations_iPad = "UIInterfaceOrientationPortrait UIInterfaceOrientationPortraitUpsideDown UIInterfaceOrientationLandscapeLeft UIInterfaceOrientationLandscapeRight";
				INFOPLIST_KEY_UISupportedInterfaceOrientations_iPhone = "UIInterfaceOrientationPortrait UIInterfaceOrientationLandscapeLeft UIInterfaceOrientationLandscapeRight";
				LD_RUNPATH_SEARCH_PATHS = (
					"$(inherited)",
					"@executable_path/Frameworks",
				);
				MARKETING_VERSION = 1.0;
				PRODUCT_BUNDLE_IDENTIFIER = qwerty.CurrencyConverterTest;
				PRODUCT_NAME = "$(TARGET_NAME)";
				SWIFT_EMIT_LOC_STRINGS = YES;
				SWIFT_VERSION = 5.0;
				TARGETED_DEVICE_FAMILY = "1,2";
			};
			name = Release;
		};
		BF2F58232DDB6FC400DE2939 /* Debug */ = {
			isa = XCBuildConfiguration;
			buildSettings = {
				BUNDLE_LOADER = "$(TEST_HOST)";
				CODE_SIGN_STYLE = Automatic;
				CURRENT_PROJECT_VERSION = 1;
				DEVELOPMENT_TEAM = TLP4S46XK2;
				GENERATE_INFOPLIST_FILE = YES;
				INFOPLIST_FILE = "";
				IPHONEOS_DEPLOYMENT_TARGET = 18.4;
				MARKETING_VERSION = 1.0;
				PRODUCT_BUNDLE_IDENTIFIER = qwerty.CurrencyConverterTestTests;
				PRODUCT_NAME = "$(TARGET_NAME)";
				SWIFT_EMIT_LOC_STRINGS = NO;
				SWIFT_VERSION = 5.0;
				TARGETED_DEVICE_FAMILY = "1,2";
				TEST_HOST = "$(BUILT_PRODUCTS_DIR)/CurrencyConverterTest.app/$(BUNDLE_EXECUTABLE_FOLDER_PATH)/CurrencyConverterTest";
			};
			name = Debug;
		};
		BF2F58242DDB6FC400DE2939 /* Release */ = {
			isa = XCBuildConfiguration;
			buildSettings = {
				BUNDLE_LOADER = "$(TEST_HOST)";
				CODE_SIGN_STYLE = Automatic;
				CURRENT_PROJECT_VERSION = 1;
				DEVELOPMENT_TEAM = TLP4S46XK2;
				GENERATE_INFOPLIST_FILE = YES;
				INFOPLIST_FILE = "";
				IPHONEOS_DEPLOYMENT_TARGET = 18.4;
				MARKETING_VERSION = 1.0;
				PRODUCT_BUNDLE_IDENTIFIER = qwerty.CurrencyConverterTestTests;
				PRODUCT_NAME = "$(TARGET_NAME)";
				SWIFT_EMIT_LOC_STRINGS = NO;
				SWIFT_VERSION = 5.0;
				TARGETED_DEVICE_FAMILY = "1,2";
				TEST_HOST = "$(BUILT_PRODUCTS_DIR)/CurrencyConverterTest.app/$(BUNDLE_EXECUTABLE_FOLDER_PATH)/CurrencyConverterTest";
			};
			name = Release;
		};
		BF2F58262DDB6FC400DE2939 /* Debug */ = {
			isa = XCBuildConfiguration;
			buildSettings = {
				CODE_SIGN_STYLE = Automatic;
				CURRENT_PROJECT_VERSION = 1;
				DEVELOPMENT_TEAM = TLP4S46XK2;
				GENERATE_INFOPLIST_FILE = YES;
				INFOPLIST_FILE = "";
				MARKETING_VERSION = 1.0;
				PRODUCT_BUNDLE_IDENTIFIER = qwerty.CurrencyConverterTestUITests;
				PRODUCT_NAME = "$(TARGET_NAME)";
				SWIFT_EMIT_LOC_STRINGS = NO;
				SWIFT_VERSION = 5.0;
				TARGETED_DEVICE_FAMILY = "1,2";
				TEST_TARGET_NAME = CurrencyConverterTest;
			};
			name = Debug;
		};
		BF2F58272DDB6FC400DE2939 /* Release */ = {
			isa = XCBuildConfiguration;
			buildSettings = {
				CODE_SIGN_STYLE = Automatic;
				CURRENT_PROJECT_VERSION = 1;
				DEVELOPMENT_TEAM = TLP4S46XK2;
				GENERATE_INFOPLIST_FILE = YES;
				INFOPLIST_FILE = "";
				MARKETING_VERSION = 1.0;
				PRODUCT_BUNDLE_IDENTIFIER = qwerty.CurrencyConverterTestUITests;
				PRODUCT_NAME = "$(TARGET_NAME)";
				SWIFT_EMIT_LOC_STRINGS = NO;
				SWIFT_VERSION = 5.0;
				TARGETED_DEVICE_FAMILY = "1,2";
				TEST_TARGET_NAME = CurrencyConverterTest;
			};
			name = Release;
		};
/* End XCBuildConfiguration section */

/* Begin XCConfigurationList section */
		BF2F57F92DDB6FC300DE2939 /* Build configuration list for PBXProject "CurrencyConverterTest" */ = {
			isa = XCConfigurationList;
			buildConfigurations = (
				BF2F581D2DDB6FC400DE2939 /* Debug */,
				BF2F581E2DDB6FC400DE2939 /* Release */,
			);
			defaultConfigurationIsVisible = 0;
			defaultConfigurationName = Release;
		};
		BF2F581F2DDB6FC400DE2939 /* Build configuration list for PBXNativeTarget "CurrencyConverterTest" */ = {
			isa = XCConfigurationList;
			buildConfigurations = (
				BF2F58202DDB6FC400DE2939 /* Debug */,
				BF2F58212DDB6FC400DE2939 /* Release */,
			);
			defaultConfigurationIsVisible = 0;
			defaultConfigurationName = Release;
		};
		BF2F58222DDB6FC400DE2939 /* Build configuration list for PBXNativeTarget "CurrencyConverterTestTests" */ = {
			isa = XCConfigurationList;
			buildConfigurations = (
				BF2F58232DDB6FC400DE2939 /* Debug */,
				BF2F58242DDB6FC400DE2939 /* Release */,
			);
			defaultConfigurationIsVisible = 0;
			defaultConfigurationName = Release;
		};
		BF2F58252DDB6FC400DE2939 /* Build configuration list for PBXNativeTarget "CurrencyConverterTestUITests" */ = {
			isa = XCConfigurationList;
			buildConfigurations = (
				BF2F58262DDB6FC400DE2939 /* Debug */,
				BF2F58272DDB6FC400DE2939 /* Release */,
			);
			defaultConfigurationIsVisible = 0;
			defaultConfigurationName = Release;
		};
/* End XCConfigurationList section */
	};
	rootObject = BF2F57F62DDB6FC300DE2939 /* Project object */;
}
